# This file is automatically @generated by Cargo.
# It is not intended for manual editing.
version = 4

[[package]]
name = "glam"
version = "0.33.6"
source = "registry+https://github.com/rust-lang/crates.io-index"
checksum = "21fef0953c54fd3de2f44b743fbf77e044c81a25faee03636dfccc0d35135e23"

[[package]]
name = "renderer"
version = "0.1.0"
dependencies = [
 "glam",
]
